
Microsoft Visual Studio Solution File, Format Version 12.00
# Visual Studio Version 17
VisualStudioVersion = 17.0.31903.59
MinimumVisualStudioVersion = 10.0.40219.1
Project("{FAE04EC0-301F-11D3-BF4B-00C04F79EFBC}") = "CancellationTokenDemo", "CancellationTokenDemo\CancellationTokenDemo.csproj", "{D88734A4-44E5-4783-B712-9B86C3ED1880}"
EndProject
Global
	GlobalSection(SolutionConfigurationPlatforms) = preSolution
		Debug|Any CPU = Debug|Any CPU
		Release|Any CPU = Release|Any CPU
	EndGlobalSection
	GlobalSection(ProjectConfigurationPlatforms) = postSolution
		{D88734A4-44E5-4783-B712-9B86C3ED1880}.Debug|Any CPU.ActiveCfg = Debug|Any CPU
		{D88734A4-44E5-4783-B712-9B86C3ED1880}.Debug|Any CPU.Build.0 = Debug|Any CPU
		{D88734A4-44E5-4783-B712-9B86C3ED1880}.Release|Any CPU.ActiveCfg = Release|Any CPU
		{D88734A4-44E5-4783-B712-9B86C3ED1880}.Release|Any CPU.Build.0 = Release|Any CPU
	EndGlobalSection
	GlobalSection(SolutionProperties) = preSolution
		HideSolutionNode = FALSE
	EndGlobalSection
	GlobalSection(ExtensibilityGlobals) = postSolution
		SolutionGuid = {07D586EA-D1C2-4459-8D5E-6ED1B7ACFDC3}
	EndGlobalSection
EndGlobal
